
Microsoft Visual Studio Solution File, Format Version 12.00
# Visual Studio 2013
VisualStudioVersion = 12.0.31101.0
MinimumVisualStudioVersion = 10.0.40219.1
Project("{FAE04EC0-301F-11D3-BF4B-00C04F79EFBC}") = "WeChatRedPacketSample", "WeChatRedPacketSample\WeChatRedPacketSample.csproj", "{ACA5A9D9-B510-44AC-8E91-E78E0F71C745}"
EndProject
Global
	GlobalSection(SolutionConfigurationPlatforms) = preSolution
		Debug|Any CPU = Debug|Any CPU
		Release|Any CPU = Release|Any CPU
	EndGlobalSection
	GlobalSection(ProjectConfigurationPlatforms) = postSolution
		{ACA5A9D9-B510-44AC-8E91-E78E0F71C745}.Debug|Any CPU.ActiveCfg = Debug|Any CPU
		{ACA5A9D9-B510-44AC-8E91-E78E0F71C745}.Debug|Any CPU.Build.0 = Debug|Any CPU
		{ACA5A9D9-B510-44AC-8E91-E78E0F71C745}.Release|Any CPU.ActiveCfg = Release|Any CPU
		{ACA5A9D9-B510-44AC-8E91-E78E0F71C745}.Release|Any CPU.Build.0 = Release|Any CPU
	EndGlobalSection
	GlobalSection(SolutionProperties) = preSolution
		HideSolutionNode = FALSE
	EndGlobalSection
EndGlobal
